
Microsoft Visual Studio Solution File, Format Version 12.00
# Visual Studio Version 17
VisualStudioVersion = 17.4.33205.214
MinimumVisualStudioVersion = 10.0.40219.1
Project("{FAE04EC0-301F-11D3-BF4B-00C04F79EFBC}") = "Ciuta_Andreea_Lab11", "Ciuta_Andreea_Lab11\Ciuta_Andreea_Lab11.csproj", "{74E7B1BD-C04A-41E4-8AC3-A3CE34D581BE}"
EndProject
Project("{FAE04EC0-301F-11D3-BF4B-00C04F79EFBC}") = "Ciuta_Andreea_L11", "..\Ciuta_Andreea_L11\Ciuta_Andreea_L11.csproj", "{120ADD61-F009-4B70-B7E8-34C797A82DA0}"
EndProject
Global
	GlobalSection(SolutionConfigurationPlatforms) = preSolution
		Debug|Any CPU = Debug|Any CPU
		Release|Any CPU = Release|Any CPU
	EndGlobalSection
	GlobalSection(ProjectConfigurationPlatforms) = postSolution
		{74E7B1BD-C04A-41E4-8AC3-A3CE34D581BE}.Debug|Any CPU.ActiveCfg = Debug|Any CPU
		{74E7B1BD-C04A-41E4-8AC3-A3CE34D581BE}.Debug|Any CPU.Build.0 = Debug|Any CPU
		{74E7B1BD-C04A-41E4-8AC3-A3CE34D581BE}.Release|Any CPU.ActiveCfg = Release|Any CPU
		{74E7B1BD-C04A-41E4-8AC3-A3CE34D581BE}.Release|Any CPU.Build.0 = Release|Any CPU
		{120ADD61-F009-4B70-B7E8-34C797A82DA0}.Debug|Any CPU.ActiveCfg = Debug|Any CPU
		{120ADD61-F009-4B70-B7E8-34C797A82DA0}.Debug|Any CPU.Build.0 = Debug|Any CPU
		{120ADD61-F009-4B70-B7E8-34C797A82DA0}.Debug|Any CPU.Deploy.0 = Debug|Any CPU
		{120ADD61-F009-4B70-B7E8-34C797A82DA0}.Release|Any CPU.ActiveCfg = Release|Any CPU
		{120ADD61-F009-4B70-B7E8-34C797A82DA0}.Release|Any CPU.Build.0 = Release|Any CPU
		{120ADD61-F009-4B70-B7E8-34C797A82DA0}.Release|Any CPU.Deploy.0 = Release|Any CPU
	EndGlobalSection
	GlobalSection(SolutionProperties) = preSolution
		HideSolutionNode = FALSE
	EndGlobalSection
	GlobalSection(ExtensibilityGlobals) = postSolution
		SolutionGuid = {FD588EB0-9908-428B-BE38-EF9AD78E4872}
	EndGlobalSection
EndGlobal
